// !$*UTF8*$!
{
	archiveVersion = 1;
	classes = {
	};
	objectVersion = 50;
	objects = {

/* Begin PBXBuildFile section */
		7E0C052925B65DA900118A70 /* HorizontalLine.swift in Sources */ = {isa = PBXBuildFile; fileRef = 7E0C051B25B65C1E00118A70 /* HorizontalLine.swift */; };
		7E0C053025B65DBA00118A70 /* UnderlineTextField.swift in Sources */ = {isa = PBXBuildFile; fileRef = 7E0C052025B65D9000118A70 /* UnderlineTextField.swift */; };
		7E2C47FC25C3A0150028A019 /* RegularExpression.swift in Sources */ = {isa = PBXBuildFile; fileRef = 7E2C47FB25C3A0150028A019 /* RegularExpression.swift */; };
		7E2C481E25C3DDEE0028A019 /* UserViewModel.swift in Sources */ = {isa = PBXBuildFile; fileRef = 7E0C053525B65EDC00118A70 /* UserViewModel.swift */; };
		7E6B354F25C7FB5A009B3FE6 /* DarkMode.swift in Sources */ = {isa = PBXBuildFile; fileRef = 7E6B354725C7F958009B3FE6 /* DarkMode.swift */; };
		7E80CD5E25CD170A005B4E61 /* CryptoDefault.swift in Sources */ = {isa = PBXBuildFile; fileRef = 7E80CD5D25CD170A005B4E61 /* CryptoDefault.swift */; };
		7E80CD6225CD179C005B4E61 /* CryptoKit.swift in Sources */ = {isa = PBXBuildFile; fileRef = 7E80CD5825CD16C4005B4E61 /* CryptoKit.swift */; };
		7E999DB525DA13D300316773 /* AlertExample.swift in Sources */ = {isa = PBXBuildFile; fileRef = 7E999DB425DA13D300316773 /* AlertExample.swift */; };
		7E9AD1EE25D117C50067979D /* Bundle+Extension.swift in Sources */ = {isa = PBXBuildFile; fileRef = 7E9AD1ED25D117C50067979D /* Bundle+Extension.swift */; };
		7E9AD1F625D135D10067979D /* KeyChainWrapper.swift in Sources */ = {isa = PBXBuildFile; fileRef = 7E9AD1F525D135D10067979D /* KeyChainWrapper.swift */; };
		7EC5F62725BFEACD00CC4D1A /* FirstView.swift in Sources */ = {isa = PBXBuildFile; fileRef = 7EC5F62625BFEACD00CC4D1A /* FirstView.swift */; };
		7EC5F62F25BFEAD500CC4D1A /* SecondView.swift in Sources */ = {isa = PBXBuildFile; fileRef = 7EC5F62E25BFEAD500CC4D1A /* SecondView.swift */; };
		7EC5F63525BFF39200CC4D1A /* TabController.swift in Sources */ = {isa = PBXBuildFile; fileRef = 7EC5F63425BFF39200CC4D1A /* TabController.swift */; };
		7EC5F64B25C12EAB00CC4D1A /* ContentView.swift in Sources */ = {isa = PBXBuildFile; fileRef = 7ED0DF3025B522DF00C54C47 /* ContentView.swift */; };
		7EC5F66025C1416400CC4D1A /* TabNavigation.swift in Sources */ = {isa = PBXBuildFile; fileRef = 7EC5F61D25BFEA0100CC4D1A /* TabNavigation.swift */; };
		7ED0DF3325B522E100C54C47 /* Assets.xcassets in Resources */ = {isa = PBXBuildFile; fileRef = 7ED0DF3225B522E100C54C47 /* Assets.xcassets */; };
		7ED0DF3625B522E100C54C47 /* Preview Assets.xcassets in Resources */ = {isa = PBXBuildFile; fileRef = 7ED0DF3525B522E100C54C47 /* Preview Assets.xcassets */; };
		7ED0DF4125B522E100C54C47 /* GitHubSearchTests.swift in Sources */ = {isa = PBXBuildFile; fileRef = 7ED0DF4025B522E100C54C47 /* GitHubSearchTests.swift */; };
		7ED0DF4C25B522E100C54C47 /* GitHubSearchUITests.swift in Sources */ = {isa = PBXBuildFile; fileRef = 7ED0DF4B25B522E100C54C47 /* GitHubSearchUITests.swift */; };
		7ED0DF6A25B52D9100C54C47 /* GitHubSearchApp.swift in Sources */ = {isa = PBXBuildFile; fileRef = 7ED0DF2E25B522DF00C54C47 /* GitHubSearchApp.swift */; };
		7ED0DF7025B5522B00C54C47 /* DefaultButton.swift in Sources */ = {isa = PBXBuildFile; fileRef = 7ED0DF6F25B5522B00C54C47 /* DefaultButton.swift */; };
		7ED0DF7925B5527400C54C47 /* ButtonView.swift in Sources */ = {isa = PBXBuildFile; fileRef = 7ED0DF7825B5527400C54C47 /* ButtonView.swift */; };
/* End PBXBuildFile section */

/* Begin PBXContainerItemProxy section */
		7ED0DF3D25B522E100C54C47 /* PBXContainerItemProxy */ = {
			isa = PBXContainerItemProxy;
			containerPortal = 7ED0DF2325B522DF00C54C47 /* Project object */;
			proxyType = 1;
			remoteGlobalIDString = 7ED0DF2A25B522DF00C54C47;
			remoteInfo = GitHubSearch;
		};
		7ED0DF4825B522E100C54C47 /* PBXContainerItemProxy */ = {
			isa = PBXContainerItemProxy;
			containerPortal = 7ED0DF2325B522DF00C54C47 /* Project object */;
			proxyType = 1;
			remoteGlobalIDString = 7ED0DF2A25B522DF00C54C47;
			remoteInfo = GitHubSearch;
		};
/* End PBXContainerItemProxy section */

/* Begin PBXFileReference section */
		7E0C051B25B65C1E00118A70 /* HorizontalLine.swift */ = {isa = PBXFileReference; lastKnownFileType = sourcecode.swift; path = HorizontalLine.swift; sourceTree = "<group>"; };
		7E0C052025B65D9000118A70 /* UnderlineTextField.swift */ = {isa = PBXFileReference; lastKnownFileType = sourcecode.swift; path = UnderlineTextField.swift; sourceTree = "<group>"; };
		7E0C053525B65EDC00118A70 /* UserViewModel.swift */ = {isa = PBXFileReference; lastKnownFileType = sourcecode.swift; path = UserViewModel.swift; sourceTree = "<group>"; };
		7E2C47FB25C3A0150028A019 /* RegularExpression.swift */ = {isa = PBXFileReference; lastKnownFileType = sourcecode.swift; name = RegularExpression.swift; path = GitHubSearch/View/Practice/RegularExpression.swift; sourceTree = SOURCE_ROOT; };
		7E6B354725C7F958009B3FE6 /* DarkMode.swift */ = {isa = PBXFileReference; lastKnownFileType = sourcecode.swift; path = DarkMode.swift; sourceTree = "<group>"; };
		7E80CD5825CD16C4005B4E61 /* CryptoKit.swift */ = {isa = PBXFileReference; lastKnownFileType = sourcecode.swift; path = CryptoKit.swift; sourceTree = "<group>"; };
		7E80CD5D25CD170A005B4E61 /* CryptoDefault.swift */ = {isa = PBXFileReference; lastKnownFileType = sourcecode.swift; path = CryptoDefault.swift; sourceTree = "<group>"; };
		7E999DB425DA13D300316773 /* AlertExample.swift */ = {isa = PBXFileReference; lastKnownFileType = sourcecode.swift; path = AlertExample.swift; sourceTree = "<group>"; };
		7E9AD1ED25D117C50067979D /* Bundle+Extension.swift */ = {isa = PBXFileReference; lastKnownFileType = sourcecode.swift; path = "Bundle+Extension.swift"; sourceTree = "<group>"; };
		7E9AD1F525D135D10067979D /* KeyChainWrapper.swift */ = {isa = PBXFileReference; lastKnownFileType = sourcecode.swift; path = KeyChainWrapper.swift; sourceTree = "<group>"; };
		7EC5F61D25BFEA0100CC4D1A /* TabNavigation.swift */ = {isa = PBXFileReference; lastKnownFileType = sourcecode.swift; path = TabNavigation.swift; sourceTree = "<group>"; };
		7EC5F62625BFEACD00CC4D1A /* FirstView.swift */ = {isa = PBXFileReference; lastKnownFileType = sourcecode.swift; path = FirstView.swift; sourceTree = "<group>"; };
		7EC5F62E25BFEAD500CC4D1A /* SecondView.swift */ = {isa = PBXFileReference; lastKnownFileType = sourcecode.swift; path = SecondView.swift; sourceTree = "<group>"; };
		7EC5F63425BFF39200CC4D1A /* TabController.swift */ = {isa = PBXFileReference; lastKnownFileType = sourcecode.swift; path = TabController.swift; sourceTree = "<group>"; };
		7ED0DF2B25B522DF00C54C47 /* GitHubSearch.app */ = {isa = PBXFileReference; explicitFileType = wrapper.application; includeInIndex = 0; path = GitHubSearch.app; sourceTree = BUILT_PRODUCTS_DIR; };
		7ED0DF2E25B522DF00C54C47 /* GitHubSearchApp.swift */ = {isa = PBXFileReference; lastKnownFileType = sourcecode.swift; path = GitHubSearchApp.swift; sourceTree = "<group>"; };
		7ED0DF3025B522DF00C54C47 /* ContentView.swift */ = {isa = PBXFileReference; lastKnownFileType = sourcecode.swift; path = ContentView.swift; sourceTree = "<group>"; };
		7ED0DF3225B522E100C54C47 /* Assets.xcassets */ = {isa = PBXFileReference; lastKnownFileType = folder.assetcatalog; path = Assets.xcassets; sourceTree = "<group>"; };
		7ED0DF3525B522E100C54C47 /* Preview Assets.xcassets */ = {isa = PBXFileReference; lastKnownFileType = folder.assetcatalog; path = "Preview Assets.xcassets"; sourceTree = "<group>"; };
		7ED0DF3725B522E100C54C47 /* Info.plist */ = {isa = PBXFileReference; lastKnownFileType = text.plist.xml; path = Info.plist; sourceTree = "<group>"; };
		7ED0DF3C25B522E100C54C47 /* GitHubSearchTests.xctest */ = {isa = PBXFileReference; explicitFileType = wrapper.cfbundle; includeInIndex = 0; path = GitHubSearchTests.xctest; sourceTree = BUILT_PRODUCTS_DIR; };
		7ED0DF4025B522E100C54C47 /* GitHubSearchTests.swift */ = {isa = PBXFileReference; lastKnownFileType = sourcecode.swift; path = GitHubSearchTests.swift; sourceTree = "<group>"; };
		7ED0DF4225B522E100C54C47 /* Info.plist */ = {isa = PBXFileReference; lastKnownFileType = text.plist.xml; path = Info.plist; sourceTree = "<group>"; };
		7ED0DF4725B522E100C54C47 /* GitHubSearchUITests.xctest */ = {isa = PBXFileReference; explicitFileType = wrapper.cfbundle; includeInIndex = 0; path = GitHubSearchUITests.xctest; sourceTree = BUILT_PRODUCTS_DIR; };
		7ED0DF4B25B522E100C54C47 /* GitHubSearchUITests.swift */ = {isa = PBXFileReference; lastKnownFileType = sourcecode.swift; path = GitHubSearchUITests.swift; sourceTree = "<group>"; };
		7ED0DF4D25B522E100C54C47 /* Info.plist */ = {isa = PBXFileReference; lastKnownFileType = text.plist.xml; path = Info.plist; sourceTree = "<group>"; };
		7ED0DF6F25B5522B00C54C47 /* DefaultButton.swift */ = {isa = PBXFileReference; lastKnownFileType = sourcecode.swift; path = DefaultButton.swift; sourceTree = "<group>"; };
		7ED0DF7825B5527400C54C47 /* ButtonView.swift */ = {isa = PBXFileReference; lastKnownFileType = sourcecode.swift; path = ButtonView.swift; sourceTree = "<group>"; };
/* End PBXFileReference section */

/* Begin PBXFrameworksBuildPhase section */
		7ED0DF2825B522DF00C54C47 /* Frameworks */ = {
			isa = PBXFrameworksBuildPhase;
			buildActionMask = 2147483647;
			files = (
			);
			runOnlyForDeploymentPostprocessing = 0;
		};
		7ED0DF3925B522E100C54C47 /* Frameworks */ = {
			isa = PBXFrameworksBuildPhase;
			buildActionMask = 2147483647;
			files = (
			);
			runOnlyForDeploymentPostprocessing = 0;
		};
		7ED0DF4425B522E100C54C47 /* Frameworks */ = {
			isa = PBXFrameworksBuildPhase;
			buildActionMask = 2147483647;
			files = (
			);
			runOnlyForDeploymentPostprocessing = 0;
		};
/* End PBXFrameworksBuildPhase section */

/* Begin PBXGroup section */
		7E0C051A25B65BB700118A70 /* TextField */ = {
			isa = PBXGroup;
			children = (
				7E0C052525B65D9C00118A70 /* Underline */,
			);
			path = TextField;
			sourceTree = "<group>";
		};
		7E0C052525B65D9C00118A70 /* Underline */ = {
			isa = PBXGroup;
			children = (
				7E0C051B25B65C1E00118A70 /* HorizontalLine.swift */,
				7E0C052025B65D9000118A70 /* UnderlineTextField.swift */,
			);
			path = Underline;
			sourceTree = "<group>";
		};
		7E6B354625C7F948009B3FE6 /* DarkMode */ = {
			isa = PBXGroup;
			children = (
				7E6B354725C7F958009B3FE6 /* DarkMode.swift */,
			);
			path = DarkMode;
			sourceTree = "<group>";
		};
		7E80CD5425CD164C005B4E61 /* CryptoKit */ = {
			isa = PBXGroup;
			children = (
				7E80CD5825CD16C4005B4E61 /* CryptoKit.swift */,
				7E80CD5D25CD170A005B4E61 /* CryptoDefault.swift */,
				7E9AD1F525D135D10067979D /* KeyChainWrapper.swift */,
			);
			path = CryptoKit;
			sourceTree = "<group>";
		};
		7E999DB325DA13C700316773 /* Alert */ = {
			isa = PBXGroup;
			children = (
				7E999DB425DA13D300316773 /* AlertExample.swift */,
			);
			path = Alert;
			sourceTree = "<group>";
		};
		7E9AD1EC25D117940067979D /* Extension */ = {
			isa = PBXGroup;
			children = (
				7E9AD1ED25D117C50067979D /* Bundle+Extension.swift */,
			);
			path = Extension;
			sourceTree = "<group>";
		};
		7EC5F61B25BFE9AC00CC4D1A /* Navigation */ = {
			isa = PBXGroup;
			children = (
				7EC5F61C25BFE9D300CC4D1A /* TabNavigation */,
			);
			path = Navigation;
			sourceTree = "<group>";
		};
		7EC5F61C25BFE9D300CC4D1A /* TabNavigation */ = {
			isa = PBXGroup;
			children = (
				7EC5F63325BFF38500CC4D1A /* Controller */,
				7EC5F62525BFEAC100CC4D1A /* Views */,
				7EC5F61D25BFEA0100CC4D1A /* TabNavigation.swift */,
			);
			path = TabNavigation;
			sourceTree = "<group>";
		};
		7EC5F62525BFEAC100CC4D1A /* Views */ = {
			isa = PBXGroup;
			children = (
				7EC5F62625BFEACD00CC4D1A /* FirstView.swift */,
				7EC5F62E25BFEAD500CC4D1A /* SecondView.swift */,
			);
			path = Views;
			sourceTree = "<group>";
		};
		7EC5F63325BFF38500CC4D1A /* Controller */ = {
			isa = PBXGroup;
			children = (
				7EC5F63425BFF39200CC4D1A /* TabController.swift */,
			);
			path = Controller;
			sourceTree = "<group>";
		};
		7ED0DF2225B522DF00C54C47 = {
			isa = PBXGroup;
			children = (
				7ED0DF2D25B522DF00C54C47 /* GitHubSearch */,
				7ED0DF3F25B522E100C54C47 /* GitHubSearchTests */,
				7ED0DF4A25B522E100C54C47 /* GitHubSearchUITests */,
				7ED0DF2C25B522DF00C54C47 /* Products */,
			);
			sourceTree = "<group>";
		};
		7ED0DF2C25B522DF00C54C47 /* Products */ = {
			isa = PBXGroup;
			children = (
				7ED0DF2B25B522DF00C54C47 /* GitHubSearch.app */,
				7ED0DF3C25B522E100C54C47 /* GitHubSearchTests.xctest */,
				7ED0DF4725B522E100C54C47 /* GitHubSearchUITests.xctest */,
			);
			name = Products;
			sourceTree = "<group>";
		};
		7ED0DF2D25B522DF00C54C47 /* GitHubSearch */ = {
			isa = PBXGroup;
			children = (
				7E9AD1EC25D117940067979D /* Extension */,
				7ED0DF6125B5240900C54C47 /* Model */,
				7ED0DF6025B5240400C54C47 /* ViewModel */,
				7ED0DF5F25B523FF00C54C47 /* View */,
				7ED0DF2E25B522DF00C54C47 /* GitHubSearchApp.swift */,
				7ED0DF3025B522DF00C54C47 /* ContentView.swift */,
				7ED0DF3225B522E100C54C47 /* Assets.xcassets */,
				7ED0DF3725B522E100C54C47 /* Info.plist */,
				7ED0DF3425B522E100C54C47 /* Preview Content */,
			);
			path = GitHubSearch;
			sourceTree = "<group>";
		};
		7ED0DF3425B522E100C54C47 /* Preview Content */ = {
			isa = PBXGroup;
			children = (
				7ED0DF3525B522E100C54C47 /* Preview Assets.xcassets */,
			);
			path = "Preview Content";
			sourceTree = "<group>";
		};
		7ED0DF3F25B522E100C54C47 /* GitHubSearchTests */ = {
			isa = PBXGroup;
			children = (
				7ED0DF4025B522E100C54C47 /* GitHubSearchTests.swift */,
				7ED0DF4225B522E100C54C47 /* Info.plist */,
			);
			path = GitHubSearchTests;
			sourceTree = "<group>";
		};
		7ED0DF4A25B522E100C54C47 /* GitHubSearchUITests */ = {
			isa = PBXGroup;
			children = (
				7ED0DF4B25B522E100C54C47 /* GitHubSearchUITests.swift */,
				7ED0DF4D25B522E100C54C47 /* Info.plist */,
			);
			path = GitHubSearchUITests;
			sourceTree = "<group>";
		};
		7ED0DF5F25B523FF00C54C47 /* View */ = {
			isa = PBXGroup;
			children = (
				7ED0DF6225B5240E00C54C47 /* Section */,
			);
			path = View;
			sourceTree = "<group>";
		};
		7ED0DF6025B5240400C54C47 /* ViewModel */ = {
			isa = PBXGroup;
			children = (
				7ED0DF6325B5258500C54C47 /* PropertyWrapper */,
				7E0C053525B65EDC00118A70 /* UserViewModel.swift */,
			);
			path = ViewModel;
			sourceTree = "<group>";
		};
		7ED0DF6125B5240900C54C47 /* Model */ = {
			isa = PBXGroup;
			children = (
			);
			path = Model;
			sourceTree = "<group>";
		};
		7ED0DF6225B5240E00C54C47 /* Section */ = {
			isa = PBXGroup;
			children = (
				7E999DB325DA13C700316773 /* Alert */,
				7E80CD5425CD164C005B4E61 /* CryptoKit */,
				7E6B354625C7F948009B3FE6 /* DarkMode */,
				7EC5F61B25BFE9AC00CC4D1A /* Navigation */,
				7E0C051A25B65BB700118A70 /* TextField */,
				7ED0DF6E25B550D900C54C47 /* Button */,
			);
			path = Section;
			sourceTree = "<group>";
		};
		7ED0DF6325B5258500C54C47 /* PropertyWrapper */ = {
			isa = PBXGroup;
			children = (
				7E2C47FB25C3A0150028A019 /* RegularExpression.swift */,
			);
			path = PropertyWrapper;
			sourceTree = "<group>";
		};
		7ED0DF6E25B550D900C54C47 /* Button */ = {
			isa = PBXGroup;
			children = (
				7ED0DF6F25B5522B00C54C47 /* DefaultButton.swift */,
				7ED0DF7825B5527400C54C47 /* ButtonView.swift */,
			);
			path = Button;
			sourceTree = "<group>";
		};
/* End PBXGroup section */

/* Begin PBXNativeTarget section */
		7ED0DF2A25B522DF00C54C47 /* GitHubSearch */ = {
			isa = PBXNativeTarget;
			buildConfigurationList = 7ED0DF5025B522E100C54C47 /* Build configuration list for PBXNativeTarget "GitHubSearch" */;
			buildPhases = (
				7ED0DF2725B522DF00C54C47 /* Sources */,
				7ED0DF2825B522DF00C54C47 /* Frameworks */,
				7ED0DF2925B522DF00C54C47 /* Resources */,
			);
			buildRules = (
			);
			dependencies = (
			);
			name = GitHubSearch;
			productName = GitHubSearch;
			productReference = 7ED0DF2B25B522DF00C54C47 /* GitHubSearch.app */;
			productType = "com.apple.product-type.application";
		};
		7ED0DF3B25B522E100C54C47 /* GitHubSearchTests */ = {
			isa = PBXNativeTarget;
			buildConfigurationList = 7ED0DF5325B522E100C54C47 /* Build configuration list for PBXNativeTarget "GitHubSearchTests" */;
			buildPhases = (
				7ED0DF3825B522E100C54C47 /* Sources */,
				7ED0DF3925B522E100C54C47 /* Frameworks */,
				7ED0DF3A25B522E100C54C47 /* Resources */,
			);
			buildRules = (
			);
			dependencies = (
				7ED0DF3E25B522E100C54C47 /* PBXTargetDependency */,
			);
			name = GitHubSearchTests;
			productName = GitHubSearchTests;
			productReference = 7ED0DF3C25B522E100C54C47 /* GitHubSearchTests.xctest */;
			productType = "com.apple.product-type.bundle.unit-test";
		};
		7ED0DF4625B522E100C54C47 /* GitHubSearchUITests */ = {
			isa = PBXNativeTarget;
			buildConfigurationList = 7ED0DF5625B522E100C54C47 /* Build configuration list for PBXNativeTarget "GitHubSearchUITests" */;
			buildPhases = (
				7ED0DF4325B522E100C54C47 /* Sources */,
				7ED0DF4425B522E100C54C47 /* Frameworks */,
				7ED0DF4525B522E100C54C47 /* Resources */,
			);
			buildRules = (
			);
			dependencies = (
				7ED0DF4925B522E100C54C47 /* PBXTargetDependency */,
			);
			name = GitHubSearchUITests;
			productName = GitHubSearchUITests;
			productReference = 7ED0DF4725B522E100C54C47 /* GitHubSearchUITests.xctest */;
			productType = "com.apple.product-type.bundle.ui-testing";
		};
/* End PBXNativeTarget section */

/* Begin PBXProject section */
		7ED0DF2325B522DF00C54C47 /* Project object */ = {
			isa = PBXProject;
			attributes = {
				LastSwiftUpdateCheck = 1230;
				LastUpgradeCheck = 1230;
				TargetAttributes = {
					7ED0DF2A25B522DF00C54C47 = {
						CreatedOnToolsVersion = 12.3;
					};
					7ED0DF3B25B522E100C54C47 = {
						CreatedOnToolsVersion = 12.3;
						TestTargetID = 7ED0DF2A25B522DF00C54C47;
					};
					7ED0DF4625B522E100C54C47 = {
						CreatedOnToolsVersion = 12.3;
						TestTargetID = 7ED0DF2A25B522DF00C54C47;
					};
				};
			};
			buildConfigurationList = 7ED0DF2625B522DF00C54C47 /* Build configuration list for PBXProject "GitHubSearch" */;
			compatibilityVersion = "Xcode 9.3";
			developmentRegion = en;
			hasScannedForEncodings = 0;
			knownRegions = (
				en,
				Base,
			);
			mainGroup = 7ED0DF2225B522DF00C54C47;
			productRefGroup = 7ED0DF2C25B522DF00C54C47 /* Products */;
			projectDirPath = "";
			projectRoot = "";
			targets = (
				7ED0DF2A25B522DF00C54C47 /* GitHubSearch */,
				7ED0DF3B25B522E100C54C47 /* GitHubSearchTests */,
				7ED0DF4625B522E100C54C47 /* GitHubSearchUITests */,
			);
		};
/* End PBXProject section */

/* Begin PBXResourcesBuildPhase section */
		7ED0DF2925B522DF00C54C47 /* Resources */ = {
			isa = PBXResourcesBuildPhase;
			buildActionMask = 2147483647;
			files = (
				7ED0DF3625B522E100C54C47 /* Preview Assets.xcassets in Resources */,
				7ED0DF3325B522E100C54C47 /* Assets.xcassets in Resources */,
			);
			runOnlyForDeploymentPostprocessing = 0;
		};
		7ED0DF3A25B522E100C54C47 /* Resources */ = {
			isa = PBXResourcesBuildPhase;
			buildActionMask = 2147483647;
			files = (
			);
			runOnlyForDeploymentPostprocessing = 0;
		};
		7ED0DF4525B522E100C54C47 /* Resources */ = {
			isa = PBXResourcesBuildPhase;
			buildActionMask = 2147483647;
			files = (
			);
			runOnlyForDeploymentPostprocessing = 0;
		};
/* End PBXResourcesBuildPhase section */

/* Begin PBXSourcesBuildPhase section */
		7ED0DF2725B522DF00C54C47 /* Sources */ = {
			isa = PBXSourcesBuildPhase;
			buildActionMask = 2147483647;
			files = (
				7E6B354F25C7FB5A009B3FE6 /* DarkMode.swift in Sources */,
				7ED0DF6A25B52D9100C54C47 /* GitHubSearchApp.swift in Sources */,
				7E2C481E25C3DDEE0028A019 /* UserViewModel.swift in Sources */,
				7E9AD1EE25D117C50067979D /* Bundle+Extension.swift in Sources */,
				7EC5F64B25C12EAB00CC4D1A /* ContentView.swift in Sources */,
				7E80CD6225CD179C005B4E61 /* CryptoKit.swift in Sources */,
				7E80CD5E25CD170A005B4E61 /* CryptoDefault.swift in Sources */,
				7E0C052925B65DA900118A70 /* HorizontalLine.swift in Sources */,
				7E0C053025B65DBA00118A70 /* UnderlineTextField.swift in Sources */,
				7E9AD1F625D135D10067979D /* KeyChainWrapper.swift in Sources */,
				7EC5F66025C1416400CC4D1A /* TabNavigation.swift in Sources */,
				7ED0DF7025B5522B00C54C47 /* DefaultButton.swift in Sources */,
				7EC5F63525BFF39200CC4D1A /* TabController.swift in Sources */,
				7ED0DF7925B5527400C54C47 /* ButtonView.swift in Sources */,
				7EC5F62F25BFEAD500CC4D1A /* SecondView.swift in Sources */,
				7E999DB525DA13D300316773 /* AlertExample.swift in Sources */,
				7EC5F62725BFEACD00CC4D1A /* FirstView.swift in Sources */,
				7E2C47FC25C3A0150028A019 /* RegularExpression.swift in Sources */,
			);
			runOnlyForDeploymentPostprocessing = 0;
		};
		7ED0DF3825B522E100C54C47 /* Sources */ = {
			isa = PBXSourcesBuildPhase;
			buildActionMask = 2147483647;
			files = (
				7ED0DF4125B522E100C54C47 /* GitHubSearchTests.swift in Sources */,
			);
			runOnlyForDeploymentPostprocessing = 0;
		};
		7ED0DF4325B522E100C54C47 /* Sources */ = {
			isa = PBXSourcesBuildPhase;
			buildActionMask = 2147483647;
			files = (
				7ED0DF4C25B522E100C54C47 /* GitHubSearchUITests.swift in Sources */,
			);
			runOnlyForDeploymentPostprocessing = 0;
		};
/* End PBXSourcesBuildPhase section */

/* Begin PBXTargetDependency section */
		7ED0DF3E25B522E100C54C47 /* PBXTargetDependency */ = {
			isa = PBXTargetDependency;
			target = 7ED0DF2A25B522DF00C54C47 /* GitHubSearch */;
			targetProxy = 7ED0DF3D25B522E100C54C47 /* PBXContainerItemProxy */;
		};
		7ED0DF4925B522E100C54C47 /* PBXTargetDependency */ = {
			isa = PBXTargetDependency;
			target = 7ED0DF2A25B522DF00C54C47 /* GitHubSearch */;
			targetProxy = 7ED0DF4825B522E100C54C47 /* PBXContainerItemProxy */;
		};
/* End PBXTargetDependency section */

/* Begin XCBuildConfiguration section */
		7ED0DF4E25B522E100C54C47 /* Debug */ = {
			isa = XCBuildConfiguration;
			buildSettings = {
				ALWAYS_SEARCH_USER_PATHS = NO;
				CLANG_ANALYZER_NONNULL = YES;
				CLANG_ANALYZER_NUMBER_OBJECT_CONVERSION = YES_AGGRESSIVE;
				CLANG_CXX_LANGUAGE_STANDARD = "gnu++14";
				CLANG_CXX_LIBRARY = "libc++";
				CLANG_ENABLE_MODULES = YES;
				CLANG_ENABLE_OBJC_ARC = YES;
				CLANG_ENABLE_OBJC_WEAK = YES;
				CLANG_WARN_BLOCK_CAPTURE_AUTORELEASING = YES;
				CLANG_WARN_BOOL_CONVERSION = YES;
				CLANG_WARN_COMMA = YES;
				CLANG_WARN_CONSTANT_CONVERSION = YES;
				CLANG_WARN_DEPRECATED_OBJC_IMPLEMENTATIONS = YES;
				CLANG_WARN_DIRECT_OBJC_ISA_USAGE = YES_ERROR;
				CLANG_WARN_DOCUMENTATION_COMMENTS = YES;
				CLANG_WARN_EMPTY_BODY = YES;
				CLANG_WARN_ENUM_CONVERSION = YES;
				CLANG_WARN_INFINITE_RECURSION = YES;
				CLANG_WARN_INT_CONVERSION = YES;
				CLANG_WARN_NON_LITERAL_NULL_CONVERSION = YES;
				CLANG_WARN_OBJC_IMPLICIT_RETAIN_SELF = YES;
				CLANG_WARN_OBJC_LITERAL_CONVERSION = YES;
				CLANG_WARN_OBJC_ROOT_CLASS = YES_ERROR;
				CLANG_WARN_QUOTED_INCLUDE_IN_FRAMEWORK_HEADER = YES;
				CLANG_WARN_RANGE_LOOP_ANALYSIS = YES;
				CLANG_WARN_STRICT_PROTOTYPES = YES;
				CLANG_WARN_SUSPICIOUS_MOVE = YES;
				CLANG_WARN_UNGUARDED_AVAILABILITY = YES_AGGRESSIVE;
				CLANG_WARN_UNREACHABLE_CODE = YES;
				CLANG_WARN__DUPLICATE_METHOD_MATCH = YES;
				COPY_PHASE_STRIP = NO;
				DEBUG_INFORMATION_FORMAT = dwarf;
				ENABLE_STRICT_OBJC_MSGSEND = YES;
				ENABLE_TESTABILITY = YES;
				GCC_C_LANGUAGE_STANDARD = gnu11;
				GCC_DYNAMIC_NO_PIC = NO;
				GCC_NO_COMMON_BLOCKS = YES;
				GCC_OPTIMIZATION_LEVEL = 0;
				GCC_PREPROCESSOR_DEFINITIONS = (
					"DEBUG=1",
					"$(inherited)",
				);
				GCC_WARN_64_TO_32_BIT_CONVERSION = YES;
				GCC_WARN_ABOUT_RETURN_TYPE = YES_ERROR;
				GCC_WARN_UNDECLARED_SELECTOR = YES;
				GCC_WARN_UNINITIALIZED_AUTOS = YES_AGGRESSIVE;
				GCC_WARN_UNUSED_FUNCTION = YES;
				GCC_WARN_UNUSED_VARIABLE = YES;
				IPHONEOS_DEPLOYMENT_TARGET = 14.3;
				MTL_ENABLE_DEBUG_INFO = INCLUDE_SOURCE;
				MTL_FAST_MATH = YES;
				ONLY_ACTIVE_ARCH = YES;
				SDKROOT = iphoneos;
				SWIFT_ACTIVE_COMPILATION_CONDITIONS = DEBUG;
				SWIFT_OPTIMIZATION_LEVEL = "-Onone";
			};
			name = Debug;
		};
		7ED0DF4F25B522E100C54C47 /* Release */ = {
			isa = XCBuildConfiguration;
			buildSettings = {
				ALWAYS_SEARCH_USER_PATHS = NO;
				CLANG_ANALYZER_NONNULL = YES;
				CLANG_ANALYZER_NUMBER_OBJECT_CONVERSION = YES_AGGRESSIVE;
				CLANG_CXX_LANGUAGE_STANDARD = "gnu++14";
				CLANG_CXX_LIBRARY = "libc++";
				CLANG_ENABLE_MODULES = YES;
				CLANG_ENABLE_OBJC_ARC = YES;
				CLANG_ENABLE_OBJC_WEAK = YES;
				CLANG_WARN_BLOCK_CAPTURE_AUTORELEASING = YES;
				CLANG_WARN_BOOL_CONVERSION = YES;
				CLANG_WARN_COMMA = YES;
				CLANG_WARN_CONSTANT_CONVERSION = YES;
				CLANG_WARN_DEPRECATED_OBJC_IMPLEMENTATIONS = YES;
				CLANG_WARN_DIRECT_OBJC_ISA_USAGE = YES_ERROR;
				CLANG_WARN_DOCUMENTATION_COMMENTS = YES;
				CLANG_WARN_EMPTY_BODY = YES;
				CLANG_WARN_ENUM_CONVERSION = YES;
				CLANG_WARN_INFINITE_RECURSION = YES;
				CLANG_WARN_INT_CONVERSION = YES;
				CLANG_WARN_NON_LITERAL_NULL_CONVERSION = YES;
				CLANG_WARN_OBJC_IMPLICIT_RETAIN_SELF = YES;
				CLANG_WARN_OBJC_LITERAL_CONVERSION = YES;
				CLANG_WARN_OBJC_ROOT_CLASS = YES_ERROR;
				CLANG_WARN_QUOTED_INCLUDE_IN_FRAMEWORK_HEADER = YES;
				CLANG_WARN_RANGE_LOOP_ANALYSIS = YES;
				CLANG_WARN_STRICT_PROTOTYPES = YES;
				CLANG_WARN_SUSPICIOUS_MOVE = YES;
				CLANG_WARN_UNGUARDED_AVAILABILITY = YES_AGGRESSIVE;
				CLANG_WARN_UNREACHABLE_CODE = YES;
				CLANG_WARN__DUPLICATE_METHOD_MATCH = YES;
				COPY_PHASE_STRIP = NO;
				DEBUG_INFORMATION_FORMAT = "dwarf-with-dsym";
				ENABLE_NS_ASSERTIONS = NO;
				ENABLE_STRICT_OBJC_MSGSEND = YES;
				GCC_C_LANGUAGE_STANDARD = gnu11;
				GCC_NO_COMMON_BLOCKS = YES;
				GCC_WARN_64_TO_32_BIT_CONVERSION = YES;
				GCC_WARN_ABOUT_RETURN_TYPE = YES_ERROR;
				GCC_WARN_UNDECLARED_SELECTOR = YES;
				GCC_WARN_UNINITIALIZED_AUTOS = YES_AGGRESSIVE;
				GCC_WARN_UNUSED_FUNCTION = YES;
				GCC_WARN_UNUSED_VARIABLE = YES;
				IPHONEOS_DEPLOYMENT_TARGET = 14.3;
				MTL_ENABLE_DEBUG_INFO = NO;
				MTL_FAST_MATH = YES;
				SDKROOT = iphoneos;
				SWIFT_COMPILATION_MODE = wholemodule;
				SWIFT_OPTIMIZATION_LEVEL = "-O";
				VALIDATE_PRODUCT = YES;
			};
			name = Release;
		};
		7ED0DF5125B522E100C54C47 /* Debug */ = {
			isa = XCBuildConfiguration;
			buildSettings = {
				ASSETCATALOG_COMPILER_APPICON_NAME = AppIcon;
				ASSETCATALOG_COMPILER_GLOBAL_ACCENT_COLOR_NAME = AccentColor;
				CODE_SIGN_STYLE = Automatic;
				DEVELOPMENT_ASSET_PATHS = "\"GitHubSearch/Preview Content\"";
				DEVELOPMENT_TEAM = X6LA4P7TFP;
				ENABLE_PREVIEWS = YES;
				INFOPLIST_FILE = GitHubSearch/Info.plist;
				IPHONEOS_DEPLOYMENT_TARGET = 14.0;
				LD_RUNPATH_SEARCH_PATHS = (
					"$(inherited)",
					"@executable_path/Frameworks",
				);
				PRODUCT_BUNDLE_IDENTIFIER = com.devyhan93.GitHubSearch;
				PRODUCT_NAME = "$(TARGET_NAME)";
				SWIFT_VERSION = 5.0;
				TARGETED_DEVICE_FAMILY = "1,2";
			};
			name = Debug;
		};
		7ED0DF5225B522E100C54C47 /* Release */ = {
			isa = XCBuildConfiguration;
			buildSettings = {
				ASSETCATALOG_COMPILER_APPICON_NAME = AppIcon;
				ASSETCATALOG_COMPILER_GLOBAL_ACCENT_COLOR_NAME = AccentColor;
				CODE_SIGN_STYLE = Automatic;
				DEVELOPMENT_ASSET_PATHS = "\"GitHubSearch/Preview Content\"";
				DEVELOPMENT_TEAM = X6LA4P7TFP;
				ENABLE_PREVIEWS = YES;
				INFOPLIST_FILE = GitHubSearch/Info.plist;
				IPHONEOS_DEPLOYMENT_TARGET = 14.0;
				LD_RUNPATH_SEARCH_PATHS = (
					"$(inherited)",
					"@executable_path/Frameworks",
				);
				PRODUCT_BUNDLE_IDENTIFIER = com.devyhan93.GitHubSearch;
				PRODUCT_NAME = "$(TARGET_NAME)";
				SWIFT_VERSION = 5.0;
				TARGETED_DEVICE_FAMILY = "1,2";
			};
			name = Release;
		};
		7ED0DF5425B522E100C54C47 /* Debug */ = {
			isa = XCBuildConfiguration;
			buildSettings = {
				ALWAYS_EMBED_SWIFT_STANDARD_LIBRARIES = YES;
				BUNDLE_LOADER = "$(TEST_HOST)";
				CODE_SIGN_STYLE = Automatic;
				DEVELOPMENT_TEAM = X6LA4P7TFP;
				INFOPLIST_FILE = GitHubSearchTests/Info.plist;
				IPHONEOS_DEPLOYMENT_TARGET = 14.0;
				LD_RUNPATH_SEARCH_PATHS = (
					"$(inherited)",
					"@executable_path/Frameworks",
					"@loader_path/Frameworks",
				);
				PRODUCT_BUNDLE_IDENTIFIER = com.devyhan93.GitHubSearchTests;
				PRODUCT_NAME = "$(TARGET_NAME)";
				SWIFT_VERSION = 5.0;
				TARGETED_DEVICE_FAMILY = "1,2";
				TEST_HOST = "$(BUILT_PRODUCTS_DIR)/GitHubSearch.app/GitHubSearch";
			};
			name = Debug;
		};
		7ED0DF5525B522E100C54C47 /* Release */ = {
			isa = XCBuildConfiguration;
			buildSettings = {
				ALWAYS_EMBED_SWIFT_STANDARD_LIBRARIES = YES;
				BUNDLE_LOADER = "$(TEST_HOST)";
				CODE_SIGN_STYLE = Automatic;
				DEVELOPMENT_TEAM = X6LA4P7TFP;
				INFOPLIST_FILE = GitHubSearchTests/Info.plist;
				IPHONEOS_DEPLOYMENT_TARGET = 14.0;
				LD_RUNPATH_SEARCH_PATHS = (
					"$(inherited)",
					"@executable_path/Frameworks",
					"@loader_path/Frameworks",
				);
				PRODUCT_BUNDLE_IDENTIFIER = com.devyhan93.GitHubSearchTests;
				PRODUCT_NAME = "$(TARGET_NAME)";
				SWIFT_VERSION = 5.0;
				TARGETED_DEVICE_FAMILY = "1,2";
				TEST_HOST = "$(BUILT_PRODUCTS_DIR)/GitHubSearch.app/GitHubSearch";
			};
			name = Release;
		};
		7ED0DF5725B522E100C54C47 /* Debug */ = {
			isa = XCBuildConfiguration;
			buildSettings = {
				ALWAYS_EMBED_SWIFT_STANDARD_LIBRARIES = YES;
				CODE_SIGN_STYLE = Automatic;
				DEVELOPMENT_TEAM = X6LA4P7TFP;
				INFOPLIST_FILE = GitHubSearchUITests/Info.plist;
				LD_RUNPATH_SEARCH_PATHS = (
					"$(inherited)",
					"@executable_path/Frameworks",
					"@loader_path/Frameworks",
				);
				PRODUCT_BUNDLE_IDENTIFIER = com.devyhan93.GitHubSearchUITests;
				PRODUCT_NAME = "$(TARGET_NAME)";
				SWIFT_VERSION = 5.0;
				TARGETED_DEVICE_FAMILY = "1,2";
				TEST_TARGET_NAME = GitHubSearch;
			};
			name = Debug;
		};
		7ED0DF5825B522E100C54C47 /* Release */ = {
			isa = XCBuildConfiguration;
			buildSettings = {
				ALWAYS_EMBED_SWIFT_STANDARD_LIBRARIES = YES;
				CODE_SIGN_STYLE = Automatic;
				DEVELOPMENT_TEAM = X6LA4P7TFP;
				INFOPLIST_FILE = GitHubSearchUITests/Info.plist;
				LD_RUNPATH_SEARCH_PATHS = (
					"$(inherited)",
					"@executable_path/Frameworks",
					"@loader_path/Frameworks",
				);
				PRODUCT_BUNDLE_IDENTIFIER = com.devyhan93.GitHubSearchUITests;
				PRODUCT_NAME = "$(TARGET_NAME)";
				SWIFT_VERSION = 5.0;
				TARGETED_DEVICE_FAMILY = "1,2";
				TEST_TARGET_NAME = GitHubSearch;
			};
			name = Release;
		};
/* End XCBuildConfiguration section */

/* Begin XCConfigurationList section */
		7ED0DF2625B522DF00C54C47 /* Build configuration list for PBXProject "GitHubSearch" */ = {
			isa = XCConfigurationList;
			buildConfigurations = (
				7ED0DF4E25B522E100C54C47 /* Debug */,
				7ED0DF4F25B522E100C54C47 /* Release */,
			);
			defaultConfigurationIsVisible = 0;
			defaultConfigurationName = Release;
		};
		7ED0DF5025B522E100C54C47 /* Build configuration list for PBXNativeTarget "GitHubSearch" */ = {
			isa = XCConfigurationList;
			buildConfigurations = (
				7ED0DF5125B522E100C54C47 /* Debug */,
				7ED0DF5225B522E100C54C47 /* Release */,
			);
			defaultConfigurationIsVisible = 0;
			defaultConfigurationName = Release;
		};
		7ED0DF5325B522E100C54C47 /* Build configuration list for PBXNativeTarget "GitHubSearchTests" */ = {
			isa = XCConfigurationList;
			buildConfigurations = (
				7ED0DF5425B522E100C54C47 /* Debug */,
				7ED0DF5525B522E100C54C47 /* Release */,
			);
			defaultConfigurationIsVisible = 0;
			defaultConfigurationName = Release;
		};
		7ED0DF5625B522E100C54C47 /* Build configuration list for PBXNativeTarget "GitHubSearchUITests" */ = {
			isa = XCConfigurationList;
			buildConfigurations = (
				7ED0DF5725B522E100C54C47 /* Debug */,
				7ED0DF5825B522E100C54C47 /* Release */,
			);
			defaultConfigurationIsVisible = 0;
			defaultConfigurationName = Release;
		};
/* End XCConfigurationList section */
	};
	rootObject = 7ED0DF2325B522DF00C54C47 /* Project object */;
}
