// !$*UTF8*$!
{
	archiveVersion = 1;
	classes = {
	};
	objectVersion = 52;
	objects = {

/* Begin PBXBuildFile section */
		7E1A023C25A7F73800C8785D /* GitHubSearchApp.swift in Sources */ = {isa = PBXBuildFile; fileRef = 7E1A023B25A7F73800C8785D /* GitHubSearchApp.swift */; };
		7E1A023E25A7F73800C8785D /* ContentView.swift in Sources */ = {isa = PBXBuildFile; fileRef = 7E1A023D25A7F73800C8785D /* ContentView.swift */; };
		7E1A024025A7F73A00C8785D /* Assets.xcassets in Resources */ = {isa = PBXBuildFile; fileRef = 7E1A023F25A7F73A00C8785D /* Assets.xcassets */; };
		7E1A024325A7F73A00C8785D /* Preview Assets.xcassets in Resources */ = {isa = PBXBuildFile; fileRef = 7E1A024225A7F73A00C8785D /* Preview Assets.xcassets */; };
		7E1A024E25A7F73A00C8785D /* GitHubSearchTests.swift in Sources */ = {isa = PBXBuildFile; fileRef = 7E1A024D25A7F73A00C8785D /* GitHubSearchTests.swift */; };
		7E1A025925A7F73A00C8785D /* GitHubSearchUITests.swift in Sources */ = {isa = PBXBuildFile; fileRef = 7E1A025825A7F73A00C8785D /* GitHubSearchUITests.swift */; };
		7E1A026B25A7F88700C8785D /* Alamofire in Frameworks */ = {isa = PBXBuildFile; productRef = 7E1A026A25A7F88700C8785D /* Alamofire */; };
/* End PBXBuildFile section */

/* Begin PBXContainerItemProxy section */
		7E1A024A25A7F73A00C8785D /* PBXContainerItemProxy */ = {
			isa = PBXContainerItemProxy;
			containerPortal = 7E1A023025A7F73800C8785D /* Project object */;
			proxyType = 1;
			remoteGlobalIDString = 7E1A023725A7F73800C8785D;
			remoteInfo = GitHubSearch;
		};
		7E1A025525A7F73A00C8785D /* PBXContainerItemProxy */ = {
			isa = PBXContainerItemProxy;
			containerPortal = 7E1A023025A7F73800C8785D /* Project object */;
			proxyType = 1;
			remoteGlobalIDString = 7E1A023725A7F73800C8785D;
			remoteInfo = GitHubSearch;
		};
/* End PBXContainerItemProxy section */

/* Begin PBXFileReference section */
		7E1A023825A7F73800C8785D /* GitHubSearch.app */ = {isa = PBXFileReference; explicitFileType = wrapper.application; includeInIndex = 0; path = GitHubSearch.app; sourceTree = BUILT_PRODUCTS_DIR; };
		7E1A023B25A7F73800C8785D /* GitHubSearchApp.swift */ = {isa = PBXFileReference; lastKnownFileType = sourcecode.swift; path = GitHubSearchApp.swift; sourceTree = "<group>"; };
		7E1A023D25A7F73800C8785D /* ContentView.swift */ = {isa = PBXFileReference; lastKnownFileType = sourcecode.swift; path = ContentView.swift; sourceTree = "<group>"; };
		7E1A023F25A7F73A00C8785D /* Assets.xcassets */ = {isa = PBXFileReference; lastKnownFileType = folder.assetcatalog; path = Assets.xcassets; sourceTree = "<group>"; };
		7E1A024225A7F73A00C8785D /* Preview Assets.xcassets */ = {isa = PBXFileReference; lastKnownFileType = folder.assetcatalog; path = "Preview Assets.xcassets"; sourceTree = "<group>"; };
		7E1A024425A7F73A00C8785D /* Info.plist */ = {isa = PBXFileReference; lastKnownFileType = text.plist.xml; path = Info.plist; sourceTree = "<group>"; };
		7E1A024925A7F73A00C8785D /* GitHubSearchTests.xctest */ = {isa = PBXFileReference; explicitFileType = wrapper.cfbundle; includeInIndex = 0; path = GitHubSearchTests.xctest; sourceTree = BUILT_PRODUCTS_DIR; };
		7E1A024D25A7F73A00C8785D /* GitHubSearchTests.swift */ = {isa = PBXFileReference; lastKnownFileType = sourcecode.swift; path = GitHubSearchTests.swift; sourceTree = "<group>"; };
		7E1A024F25A7F73A00C8785D /* Info.plist */ = {isa = PBXFileReference; lastKnownFileType = text.plist.xml; path = Info.plist; sourceTree = "<group>"; };
		7E1A025425A7F73A00C8785D /* GitHubSearchUITests.xctest */ = {isa = PBXFileReference; explicitFileType = wrapper.cfbundle; includeInIndex = 0; path = GitHubSearchUITests.xctest; sourceTree = BUILT_PRODUCTS_DIR; };
		7E1A025825A7F73A00C8785D /* GitHubSearchUITests.swift */ = {isa = PBXFileReference; lastKnownFileType = sourcecode.swift; path = GitHubSearchUITests.swift; sourceTree = "<group>"; };
		7E1A025A25A7F73A00C8785D /* Info.plist */ = {isa = PBXFileReference; lastKnownFileType = text.plist.xml; path = Info.plist; sourceTree = "<group>"; };
/* End PBXFileReference section */

/* Begin PBXFrameworksBuildPhase section */
		7E1A023525A7F73800C8785D /* Frameworks */ = {
			isa = PBXFrameworksBuildPhase;
			buildActionMask = 2147483647;
			files = (
				7E1A026B25A7F88700C8785D /* Alamofire in Frameworks */,
			);
			runOnlyForDeploymentPostprocessing = 0;
		};
		7E1A024625A7F73A00C8785D /* Frameworks */ = {
			isa = PBXFrameworksBuildPhase;
			buildActionMask = 2147483647;
			files = (
			);
			runOnlyForDeploymentPostprocessing = 0;
		};
		7E1A025125A7F73A00C8785D /* Frameworks */ = {
			isa = PBXFrameworksBuildPhase;
			buildActionMask = 2147483647;
			files = (
			);
			runOnlyForDeploymentPostprocessing = 0;
		};
/* End PBXFrameworksBuildPhase section */

/* Begin PBXGroup section */
		7E1A022F25A7F73800C8785D = {
			isa = PBXGroup;
			children = (
				7E1A023A25A7F73800C8785D /* GitHubSearch */,
				7E1A024C25A7F73A00C8785D /* GitHubSearchTests */,
				7E1A025725A7F73A00C8785D /* GitHubSearchUITests */,
				7E1A023925A7F73800C8785D /* Products */,
			);
			sourceTree = "<group>";
		};
		7E1A023925A7F73800C8785D /* Products */ = {
			isa = PBXGroup;
			children = (
				7E1A023825A7F73800C8785D /* GitHubSearch.app */,
				7E1A024925A7F73A00C8785D /* GitHubSearchTests.xctest */,
				7E1A025425A7F73A00C8785D /* GitHubSearchUITests.xctest */,
			);
			name = Products;
			sourceTree = "<group>";
		};
		7E1A023A25A7F73800C8785D /* GitHubSearch */ = {
			isa = PBXGroup;
			children = (
				7E1A023B25A7F73800C8785D /* GitHubSearchApp.swift */,
				7E1A023D25A7F73800C8785D /* ContentView.swift */,
				7E1A023F25A7F73A00C8785D /* Assets.xcassets */,
				7E1A024425A7F73A00C8785D /* Info.plist */,
				7E1A024125A7F73A00C8785D /* Preview Content */,
			);
			path = GitHubSearch;
			sourceTree = "<group>";
		};
		7E1A024125A7F73A00C8785D /* Preview Content */ = {
			isa = PBXGroup;
			children = (
				7E1A024225A7F73A00C8785D /* Preview Assets.xcassets */,
			);
			path = "Preview Content";
			sourceTree = "<group>";
		};
		7E1A024C25A7F73A00C8785D /* GitHubSearchTests */ = {
			isa = PBXGroup;
			children = (
				7E1A024D25A7F73A00C8785D /* GitHubSearchTests.swift */,
				7E1A024F25A7F73A00C8785D /* Info.plist */,
			);
			path = GitHubSearchTests;
			sourceTree = "<group>";
		};
		7E1A025725A7F73A00C8785D /* GitHubSearchUITests */ = {
			isa = PBXGroup;
			children = (
				7E1A025825A7F73A00C8785D /* GitHubSearchUITests.swift */,
				7E1A025A25A7F73A00C8785D /* Info.plist */,
			);
			path = GitHubSearchUITests;
			sourceTree = "<group>";
		};
/* End PBXGroup section */

/* Begin PBXNativeTarget section */
		7E1A023725A7F73800C8785D /* GitHubSearch */ = {
			isa = PBXNativeTarget;
			buildConfigurationList = 7E1A025D25A7F73A00C8785D /* Build configuration list for PBXNativeTarget "GitHubSearch" */;
			buildPhases = (
				7E1A023425A7F73800C8785D /* Sources */,
				7E1A023525A7F73800C8785D /* Frameworks */,
				7E1A023625A7F73800C8785D /* Resources */,
			);
			buildRules = (
			);
			dependencies = (
			);
			name = GitHubSearch;
			packageProductDependencies = (
				7E1A026A25A7F88700C8785D /* Alamofire */,
			);
			productName = GitHubSearch;
			productReference = 7E1A023825A7F73800C8785D /* GitHubSearch.app */;
			productType = "com.apple.product-type.application";
		};
		7E1A024825A7F73A00C8785D /* GitHubSearchTests */ = {
			isa = PBXNativeTarget;
			buildConfigurationList = 7E1A026025A7F73A00C8785D /* Build configuration list for PBXNativeTarget "GitHubSearchTests" */;
			buildPhases = (
				7E1A024525A7F73A00C8785D /* Sources */,
				7E1A024625A7F73A00C8785D /* Frameworks */,
				7E1A024725A7F73A00C8785D /* Resources */,
			);
			buildRules = (
			);
			dependencies = (
				7E1A024B25A7F73A00C8785D /* PBXTargetDependency */,
			);
			name = GitHubSearchTests;
			productName = GitHubSearchTests;
			productReference = 7E1A024925A7F73A00C8785D /* GitHubSearchTests.xctest */;
			productType = "com.apple.product-type.bundle.unit-test";
		};
		7E1A025325A7F73A00C8785D /* GitHubSearchUITests */ = {
			isa = PBXNativeTarget;
			buildConfigurationList = 7E1A026325A7F73A00C8785D /* Build configuration list for PBXNativeTarget "GitHubSearchUITests" */;
			buildPhases = (
				7E1A025025A7F73A00C8785D /* Sources */,
				7E1A025125A7F73A00C8785D /* Frameworks */,
				7E1A025225A7F73A00C8785D /* Resources */,
			);
			buildRules = (
			);
			dependencies = (
				7E1A025625A7F73A00C8785D /* PBXTargetDependency */,
			);
			name = GitHubSearchUITests;
			productName = GitHubSearchUITests;
			productReference = 7E1A025425A7F73A00C8785D /* GitHubSearchUITests.xctest */;
			productType = "com.apple.product-type.bundle.ui-testing";
		};
/* End PBXNativeTarget section */

/* Begin PBXProject section */
		7E1A023025A7F73800C8785D /* Project object */ = {
			isa = PBXProject;
			attributes = {
				LastSwiftUpdateCheck = 1230;
				LastUpgradeCheck = 1230;
				TargetAttributes = {
					7E1A023725A7F73800C8785D = {
						CreatedOnToolsVersion = 12.3;
					};
					7E1A024825A7F73A00C8785D = {
						CreatedOnToolsVersion = 12.3;
						TestTargetID = 7E1A023725A7F73800C8785D;
					};
					7E1A025325A7F73A00C8785D = {
						CreatedOnToolsVersion = 12.3;
						TestTargetID = 7E1A023725A7F73800C8785D;
					};
				};
			};
			buildConfigurationList = 7E1A023325A7F73800C8785D /* Build configuration list for PBXProject "GitHubSearch" */;
			compatibilityVersion = "Xcode 9.3";
			developmentRegion = en;
			hasScannedForEncodings = 0;
			knownRegions = (
				en,
				Base,
			);
			mainGroup = 7E1A022F25A7F73800C8785D;
			packageReferences = (
				7E1A026925A7F88700C8785D /* XCRemoteSwiftPackageReference "Alamofire" */,
			);
			productRefGroup = 7E1A023925A7F73800C8785D /* Products */;
			projectDirPath = "";
			projectRoot = "";
			targets = (
				7E1A023725A7F73800C8785D /* GitHubSearch */,
				7E1A024825A7F73A00C8785D /* GitHubSearchTests */,
				7E1A025325A7F73A00C8785D /* GitHubSearchUITests */,
			);
		};
/* End PBXProject section */

/* Begin PBXResourcesBuildPhase section */
		7E1A023625A7F73800C8785D /* Resources */ = {
			isa = PBXResourcesBuildPhase;
			buildActionMask = 2147483647;
			files = (
				7E1A024325A7F73A00C8785D /* Preview Assets.xcassets in Resources */,
				7E1A024025A7F73A00C8785D /* Assets.xcassets in Resources */,
			);
			runOnlyForDeploymentPostprocessing = 0;
		};
		7E1A024725A7F73A00C8785D /* Resources */ = {
			isa = PBXResourcesBuildPhase;
			buildActionMask = 2147483647;
			files = (
			);
			runOnlyForDeploymentPostprocessing = 0;
		};
		7E1A025225A7F73A00C8785D /* Resources */ = {
			isa = PBXResourcesBuildPhase;
			buildActionMask = 2147483647;
			files = (
			);
			runOnlyForDeploymentPostprocessing = 0;
		};
/* End PBXResourcesBuildPhase section */

/* Begin PBXSourcesBuildPhase section */
		7E1A023425A7F73800C8785D /* Sources */ = {
			isa = PBXSourcesBuildPhase;
			buildActionMask = 2147483647;
			files = (
				7E1A023E25A7F73800C8785D /* ContentView.swift in Sources */,
				7E1A023C25A7F73800C8785D /* GitHubSearchApp.swift in Sources */,
			);
			runOnlyForDeploymentPostprocessing = 0;
		};
		7E1A024525A7F73A00C8785D /* Sources */ = {
			isa = PBXSourcesBuildPhase;
			buildActionMask = 2147483647;
			files = (
				7E1A024E25A7F73A00C8785D /* GitHubSearchTests.swift in Sources */,
			);
			runOnlyForDeploymentPostprocessing = 0;
		};
		7E1A025025A7F73A00C8785D /* Sources */ = {
			isa = PBXSourcesBuildPhase;
			buildActionMask = 2147483647;
			files = (
				7E1A025925A7F73A00C8785D /* GitHubSearchUITests.swift in Sources */,
			);
			runOnlyForDeploymentPostprocessing = 0;
		};
/* End PBXSourcesBuildPhase section */

/* Begin PBXTargetDependency section */
		7E1A024B25A7F73A00C8785D /* PBXTargetDependency */ = {
			isa = PBXTargetDependency;
			target = 7E1A023725A7F73800C8785D /* GitHubSearch */;
			targetProxy = 7E1A024A25A7F73A00C8785D /* PBXContainerItemProxy */;
		};
		7E1A025625A7F73A00C8785D /* PBXTargetDependency */ = {
			isa = PBXTargetDependency;
			target = 7E1A023725A7F73800C8785D /* GitHubSearch */;
			targetProxy = 7E1A025525A7F73A00C8785D /* PBXContainerItemProxy */;
		};
/* End PBXTargetDependency section */

/* Begin XCBuildConfiguration section */
		7E1A025B25A7F73A00C8785D /* Debug */ = {
			isa = XCBuildConfiguration;
			buildSettings = {
				ALWAYS_SEARCH_USER_PATHS = NO;
				CLANG_ANALYZER_NONNULL = YES;
				CLANG_ANALYZER_NUMBER_OBJECT_CONVERSION = YES_AGGRESSIVE;
				CLANG_CXX_LANGUAGE_STANDARD = "gnu++14";
				CLANG_CXX_LIBRARY = "libc++";
				CLANG_ENABLE_MODULES = YES;
				CLANG_ENABLE_OBJC_ARC = YES;
				CLANG_ENABLE_OBJC_WEAK = YES;
				CLANG_WARN_BLOCK_CAPTURE_AUTORELEASING = YES;
				CLANG_WARN_BOOL_CONVERSION = YES;
				CLANG_WARN_COMMA = YES;
				CLANG_WARN_CONSTANT_CONVERSION = YES;
				CLANG_WARN_DEPRECATED_OBJC_IMPLEMENTATIONS = YES;
				CLANG_WARN_DIRECT_OBJC_ISA_USAGE = YES_ERROR;
				CLANG_WARN_DOCUMENTATION_COMMENTS = YES;
				CLANG_WARN_EMPTY_BODY = YES;
				CLANG_WARN_ENUM_CONVERSION = YES;
				CLANG_WARN_INFINITE_RECURSION = YES;
				CLANG_WARN_INT_CONVERSION = YES;
				CLANG_WARN_NON_LITERAL_NULL_CONVERSION = YES;
				CLANG_WARN_OBJC_IMPLICIT_RETAIN_SELF = YES;
				CLANG_WARN_OBJC_LITERAL_CONVERSION = YES;
				CLANG_WARN_OBJC_ROOT_CLASS = YES_ERROR;
				CLANG_WARN_QUOTED_INCLUDE_IN_FRAMEWORK_HEADER = YES;
				CLANG_WARN_RANGE_LOOP_ANALYSIS = YES;
				CLANG_WARN_STRICT_PROTOTYPES = YES;
				CLANG_WARN_SUSPICIOUS_MOVE = YES;
				CLANG_WARN_UNGUARDED_AVAILABILITY = YES_AGGRESSIVE;
				CLANG_WARN_UNREACHABLE_CODE = YES;
				CLANG_WARN__DUPLICATE_METHOD_MATCH = YES;
				COPY_PHASE_STRIP = NO;
				DEBUG_INFORMATION_FORMAT = dwarf;
				ENABLE_STRICT_OBJC_MSGSEND = YES;
				ENABLE_TESTABILITY = YES;
				GCC_C_LANGUAGE_STANDARD = gnu11;
				GCC_DYNAMIC_NO_PIC = NO;
				GCC_NO_COMMON_BLOCKS = YES;
				GCC_OPTIMIZATION_LEVEL = 0;
				GCC_PREPROCESSOR_DEFINITIONS = (
					"DEBUG=1",
					"$(inherited)",
				);
				GCC_WARN_64_TO_32_BIT_CONVERSION = YES;
				GCC_WARN_ABOUT_RETURN_TYPE = YES_ERROR;
				GCC_WARN_UNDECLARED_SELECTOR = YES;
				GCC_WARN_UNINITIALIZED_AUTOS = YES_AGGRESSIVE;
				GCC_WARN_UNUSED_FUNCTION = YES;
				GCC_WARN_UNUSED_VARIABLE = YES;
				IPHONEOS_DEPLOYMENT_TARGET = 14.3;
				MTL_ENABLE_DEBUG_INFO = INCLUDE_SOURCE;
				MTL_FAST_MATH = YES;
				ONLY_ACTIVE_ARCH = YES;
				SDKROOT = iphoneos;
				SWIFT_ACTIVE_COMPILATION_CONDITIONS = DEBUG;
				SWIFT_OPTIMIZATION_LEVEL = "-Onone";
			};
			name = Debug;
		};
		7E1A025C25A7F73A00C8785D /* Release */ = {
			isa = XCBuildConfiguration;
			buildSettings = {
				ALWAYS_SEARCH_USER_PATHS = NO;
				CLANG_ANALYZER_NONNULL = YES;
				CLANG_ANALYZER_NUMBER_OBJECT_CONVERSION = YES_AGGRESSIVE;
				CLANG_CXX_LANGUAGE_STANDARD = "gnu++14";
				CLANG_CXX_LIBRARY = "libc++";
				CLANG_ENABLE_MODULES = YES;
				CLANG_ENABLE_OBJC_ARC = YES;
				CLANG_ENABLE_OBJC_WEAK = YES;
				CLANG_WARN_BLOCK_CAPTURE_AUTORELEASING = YES;
				CLANG_WARN_BOOL_CONVERSION = YES;
				CLANG_WARN_COMMA = YES;
				CLANG_WARN_CONSTANT_CONVERSION = YES;
				CLANG_WARN_DEPRECATED_OBJC_IMPLEMENTATIONS = YES;
				CLANG_WARN_DIRECT_OBJC_ISA_USAGE = YES_ERROR;
				CLANG_WARN_DOCUMENTATION_COMMENTS = YES;
				CLANG_WARN_EMPTY_BODY = YES;
				CLANG_WARN_ENUM_CONVERSION = YES;
				CLANG_WARN_INFINITE_RECURSION = YES;
				CLANG_WARN_INT_CONVERSION = YES;
				CLANG_WARN_NON_LITERAL_NULL_CONVERSION = YES;
				CLANG_WARN_OBJC_IMPLICIT_RETAIN_SELF = YES;
				CLANG_WARN_OBJC_LITERAL_CONVERSION = YES;
				CLANG_WARN_OBJC_ROOT_CLASS = YES_ERROR;
				CLANG_WARN_QUOTED_INCLUDE_IN_FRAMEWORK_HEADER = YES;
				CLANG_WARN_RANGE_LOOP_ANALYSIS = YES;
				CLANG_WARN_STRICT_PROTOTYPES = YES;
				CLANG_WARN_SUSPICIOUS_MOVE = YES;
				CLANG_WARN_UNGUARDED_AVAILABILITY = YES_AGGRESSIVE;
				CLANG_WARN_UNREACHABLE_CODE = YES;
				CLANG_WARN__DUPLICATE_METHOD_MATCH = YES;
				COPY_PHASE_STRIP = NO;
				DEBUG_INFORMATION_FORMAT = "dwarf-with-dsym";
				ENABLE_NS_ASSERTIONS = NO;
				ENABLE_STRICT_OBJC_MSGSEND = YES;
				GCC_C_LANGUAGE_STANDARD = gnu11;
				GCC_NO_COMMON_BLOCKS = YES;
				GCC_WARN_64_TO_32_BIT_CONVERSION = YES;
				GCC_WARN_ABOUT_RETURN_TYPE = YES_ERROR;
				GCC_WARN_UNDECLARED_SELECTOR = YES;
				GCC_WARN_UNINITIALIZED_AUTOS = YES_AGGRESSIVE;
				GCC_WARN_UNUSED_FUNCTION = YES;
				GCC_WARN_UNUSED_VARIABLE = YES;
				IPHONEOS_DEPLOYMENT_TARGET = 14.3;
				MTL_ENABLE_DEBUG_INFO = NO;
				MTL_FAST_MATH = YES;
				SDKROOT = iphoneos;
				SWIFT_COMPILATION_MODE = wholemodule;
				SWIFT_OPTIMIZATION_LEVEL = "-O";
				VALIDATE_PRODUCT = YES;
			};
			name = Release;
		};
		7E1A025E25A7F73A00C8785D /* Debug */ = {
			isa = XCBuildConfiguration;
			buildSettings = {
				ASSETCATALOG_COMPILER_APPICON_NAME = AppIcon;
				ASSETCATALOG_COMPILER_GLOBAL_ACCENT_COLOR_NAME = AccentColor;
				CODE_SIGN_STYLE = Automatic;
				DEVELOPMENT_ASSET_PATHS = "\"GitHubSearch/Preview Content\"";
				DEVELOPMENT_TEAM = X6LA4P7TFP;
				ENABLE_PREVIEWS = YES;
				INFOPLIST_FILE = GitHubSearch/Info.plist;
				IPHONEOS_DEPLOYMENT_TARGET = 14.0;
				LD_RUNPATH_SEARCH_PATHS = (
					"$(inherited)",
					"@executable_path/Frameworks",
				);
				PRODUCT_BUNDLE_IDENTIFIER = com.devyhan93.GitHubSearch;
				PRODUCT_NAME = "$(TARGET_NAME)";
				SWIFT_VERSION = 5.0;
				TARGETED_DEVICE_FAMILY = "1,2";
			};
			name = Debug;
		};
		7E1A025F25A7F73A00C8785D /* Release */ = {
			isa = XCBuildConfiguration;
			buildSettings = {
				ASSETCATALOG_COMPILER_APPICON_NAME = AppIcon;
				ASSETCATALOG_COMPILER_GLOBAL_ACCENT_COLOR_NAME = AccentColor;
				CODE_SIGN_STYLE = Automatic;
				DEVELOPMENT_ASSET_PATHS = "\"GitHubSearch/Preview Content\"";
				DEVELOPMENT_TEAM = X6LA4P7TFP;
				ENABLE_PREVIEWS = YES;
				INFOPLIST_FILE = GitHubSearch/Info.plist;
				IPHONEOS_DEPLOYMENT_TARGET = 14.0;
				LD_RUNPATH_SEARCH_PATHS = (
					"$(inherited)",
					"@executable_path/Frameworks",
				);
				PRODUCT_BUNDLE_IDENTIFIER = com.devyhan93.GitHubSearch;
				PRODUCT_NAME = "$(TARGET_NAME)";
				SWIFT_VERSION = 5.0;
				TARGETED_DEVICE_FAMILY = "1,2";
			};
			name = Release;
		};
		7E1A026125A7F73A00C8785D /* Debug */ = {
			isa = XCBuildConfiguration;
			buildSettings = {
				ALWAYS_EMBED_SWIFT_STANDARD_LIBRARIES = YES;
				BUNDLE_LOADER = "$(TEST_HOST)";
				CODE_SIGN_STYLE = Automatic;
				DEVELOPMENT_TEAM = X6LA4P7TFP;
				INFOPLIST_FILE = GitHubSearchTests/Info.plist;
				IPHONEOS_DEPLOYMENT_TARGET = 14.0;
				LD_RUNPATH_SEARCH_PATHS = (
					"$(inherited)",
					"@executable_path/Frameworks",
					"@loader_path/Frameworks",
				);
				PRODUCT_BUNDLE_IDENTIFIER = com.devyhan93.GitHubSearchTests;
				PRODUCT_NAME = "$(TARGET_NAME)";
				SWIFT_VERSION = 5.0;
				TARGETED_DEVICE_FAMILY = "1,2";
				TEST_HOST = "$(BUILT_PRODUCTS_DIR)/GitHubSearch.app/GitHubSearch";
			};
			name = Debug;
		};
		7E1A026225A7F73A00C8785D /* Release */ = {
			isa = XCBuildConfiguration;
			buildSettings = {
				ALWAYS_EMBED_SWIFT_STANDARD_LIBRARIES = YES;
				BUNDLE_LOADER = "$(TEST_HOST)";
				CODE_SIGN_STYLE = Automatic;
				DEVELOPMENT_TEAM = X6LA4P7TFP;
				INFOPLIST_FILE = GitHubSearchTests/Info.plist;
				IPHONEOS_DEPLOYMENT_TARGET = 14.0;
				LD_RUNPATH_SEARCH_PATHS = (
					"$(inherited)",
					"@executable_path/Frameworks",
					"@loader_path/Frameworks",
				);
				PRODUCT_BUNDLE_IDENTIFIER = com.devyhan93.GitHubSearchTests;
				PRODUCT_NAME = "$(TARGET_NAME)";
				SWIFT_VERSION = 5.0;
				TARGETED_DEVICE_FAMILY = "1,2";
				TEST_HOST = "$(BUILT_PRODUCTS_DIR)/GitHubSearch.app/GitHubSearch";
			};
			name = Release;
		};
		7E1A026425A7F73A00C8785D /* Debug */ = {
			isa = XCBuildConfiguration;
			buildSettings = {
				ALWAYS_EMBED_SWIFT_STANDARD_LIBRARIES = YES;
				CODE_SIGN_STYLE = Automatic;
				DEVELOPMENT_TEAM = X6LA4P7TFP;
				INFOPLIST_FILE = GitHubSearchUITests/Info.plist;
				LD_RUNPATH_SEARCH_PATHS = (
					"$(inherited)",
					"@executable_path/Frameworks",
					"@loader_path/Frameworks",
				);
				PRODUCT_BUNDLE_IDENTIFIER = com.devyhan93.GitHubSearchUITests;
				PRODUCT_NAME = "$(TARGET_NAME)";
				SWIFT_VERSION = 5.0;
				TARGETED_DEVICE_FAMILY = "1,2";
				TEST_TARGET_NAME = GitHubSearch;
			};
			name = Debug;
		};
		7E1A026525A7F73A00C8785D /* Release */ = {
			isa = XCBuildConfiguration;
			buildSettings = {
				ALWAYS_EMBED_SWIFT_STANDARD_LIBRARIES = YES;
				CODE_SIGN_STYLE = Automatic;
				DEVELOPMENT_TEAM = X6LA4P7TFP;
				INFOPLIST_FILE = GitHubSearchUITests/Info.plist;
				LD_RUNPATH_SEARCH_PATHS = (
					"$(inherited)",
					"@executable_path/Frameworks",
					"@loader_path/Frameworks",
				);
				PRODUCT_BUNDLE_IDENTIFIER = com.devyhan93.GitHubSearchUITests;
				PRODUCT_NAME = "$(TARGET_NAME)";
				SWIFT_VERSION = 5.0;
				TARGETED_DEVICE_FAMILY = "1,2";
				TEST_TARGET_NAME = GitHubSearch;
			};
			name = Release;
		};
/* End XCBuildConfiguration section */

/* Begin XCConfigurationList section */
		7E1A023325A7F73800C8785D /* Build configuration list for PBXProject "GitHubSearch" */ = {
			isa = XCConfigurationList;
			buildConfigurations = (
				7E1A025B25A7F73A00C8785D /* Debug */,
				7E1A025C25A7F73A00C8785D /* Release */,
			);
			defaultConfigurationIsVisible = 0;
			defaultConfigurationName = Release;
		};
		7E1A025D25A7F73A00C8785D /* Build configuration list for PBXNativeTarget "GitHubSearch" */ = {
			isa = XCConfigurationList;
			buildConfigurations = (
				7E1A025E25A7F73A00C8785D /* Debug */,
				7E1A025F25A7F73A00C8785D /* Release */,
			);
			defaultConfigurationIsVisible = 0;
			defaultConfigurationName = Release;
		};
		7E1A026025A7F73A00C8785D /* Build configuration list for PBXNativeTarget "GitHubSearchTests" */ = {
			isa = XCConfigurationList;
			buildConfigurations = (
				7E1A026125A7F73A00C8785D /* Debug */,
				7E1A026225A7F73A00C8785D /* Release */,
			);
			defaultConfigurationIsVisible = 0;
			defaultConfigurationName = Release;
		};
		7E1A026325A7F73A00C8785D /* Build configuration list for PBXNativeTarget "GitHubSearchUITests" */ = {
			isa = XCConfigurationList;
			buildConfigurations = (
				7E1A026425A7F73A00C8785D /* Debug */,
				7E1A026525A7F73A00C8785D /* Release */,
			);
			defaultConfigurationIsVisible = 0;
			defaultConfigurationName = Release;
		};
/* End XCConfigurationList section */

/* Begin XCRemoteSwiftPackageReference section */
		7E1A026925A7F88700C8785D /* XCRemoteSwiftPackageReference "Alamofire" */ = {
			isa = XCRemoteSwiftPackageReference;
			repositoryURL = "https://github.com/Alamofire/Alamofire.git";
			requirement = {
				kind = upToNextMajorVersion;
				minimumVersion = 5.4.1;
			};
		};
/* End XCRemoteSwiftPackageReference section */

/* Begin XCSwiftPackageProductDependency section */
		7E1A026A25A7F88700C8785D /* Alamofire */ = {
			isa = XCSwiftPackageProductDependency;
			package = 7E1A026925A7F88700C8785D /* XCRemoteSwiftPackageReference "Alamofire" */;
			productName = Alamofire;
		};
/* End XCSwiftPackageProductDependency section */
	};
	rootObject = 7E1A023025A7F73800C8785D /* Project object */;
}
